
Microsoft Visual Studio Solution File, Format Version 12.00
# Visual Studio 2017
Project("{FAE04EC0-301F-11D3-BF4B-00C04F79EFBC}") = "nGratis.Cop.Gaia.Client.Unity", "nGratis.Cop.Gaia.Client.Unity.csproj", "{8B3E94EC-C6D1-351F-7FBE-7BB4FAECF39D}"
EndProject
Project("{FAE04EC0-301F-11D3-BF4B-00C04F79EFBC}") = "nGratis.Cop.Gaia.Client.Unity.Editor", "nGratis.Cop.Gaia.Client.Unity.Editor.csproj", "{993DC383-A7E4-BF2C-1B02-A4BA4C51FFD6}"
EndProject
Global
	GlobalSection(SolutionConfigurationPlatforms) = preSolution
		Debug|Any CPU = Debug|Any CPU
		Release|Any CPU = Release|Any CPU
	EndGlobalSection
	GlobalSection(ProjectConfigurationPlatforms) = postSolution
		{8B3E94EC-C6D1-351F-7FBE-7BB4FAECF39D}.Debug|Any CPU.ActiveCfg = Debug|Any CPU
		{8B3E94EC-C6D1-351F-7FBE-7BB4FAECF39D}.Debug|Any CPU.Build.0 = Debug|Any CPU
		{8B3E94EC-C6D1-351F-7FBE-7BB4FAECF39D}.Release|Any CPU.ActiveCfg = Release|Any CPU
		{8B3E94EC-C6D1-351F-7FBE-7BB4FAECF39D}.Release|Any CPU.Build.0 = Release|Any CPU
		{993DC383-A7E4-BF2C-1B02-A4BA4C51FFD6}.Debug|Any CPU.ActiveCfg = Debug|Any CPU
		{993DC383-A7E4-BF2C-1B02-A4BA4C51FFD6}.Debug|Any CPU.Build.0 = Debug|Any CPU
		{993DC383-A7E4-BF2C-1B02-A4BA4C51FFD6}.Release|Any CPU.ActiveCfg = Release|Any CPU
		{993DC383-A7E4-BF2C-1B02-A4BA4C51FFD6}.Release|Any CPU.Build.0 = Release|Any CPU
	EndGlobalSection
	GlobalSection(SolutionProperties) = preSolution
		HideSolutionNode = FALSE
	EndGlobalSection
EndGlobal
